
Microsoft Visual Studio Solution File, Format Version 12.00
# Visual Studio 15
VisualStudioVersion = 15.0.27130.2026
MinimumVisualStudioVersion = 10.0.40219.1
Project("{8BC9CEB8-8B4A-11D0-8D11-00A0C91BC942}") = "TopologicCore", "TopologicCore\TopologicCore.vcxproj", "{C2B53661-6D1F-4C1D-9F8D-909737CA2142}"
EndProject
Project("{8BC9CEB8-8B4A-11D0-8D11-00A0C91BC942}") = "TopologicDynamo", "TopologicDynamo\TopologicDynamo.vcxproj", "{21993835-4EC5-4CC3-BCDA-47F6209CD349}"
EndProject
Project("{8BC9CEB8-8B4A-11D0-8D11-00A0C91BC942}") = "TopologicStructure", "TopologicStructure\TopologicStructure.vcxproj", "{8DD1E553-E5C3-4874-859A-A3A79B29527A}"
EndProject
Project("{8BC9CEB8-8B4A-11D0-8D11-00A0C91BC942}") = "TopologicSupport", "TopologicSupport\TopologicSupport.vcxproj", "{9A74A6D1-9ED7-432F-A415-9C82305053B4}"
EndProject
Global
	GlobalSection(SolutionConfigurationPlatforms) = preSolution
		Debug|Any CPU = Debug|Any CPU
		Debug|x64 = Debug|x64
		Debug|x86 = Debug|x86
		Release|Any CPU = Release|Any CPU
		Release|x64 = Release|x64
		Release|x86 = Release|x86
	EndGlobalSection
	GlobalSection(ProjectConfigurationPlatforms) = postSolution
		{C2B53661-6D1F-4C1D-9F8D-909737CA2142}.Debug|Any CPU.ActiveCfg = Debug|Win32
		{C2B53661-6D1F-4C1D-9F8D-909737CA2142}.Debug|x64.ActiveCfg = Debug|x64
		{C2B53661-6D1F-4C1D-9F8D-909737CA2142}.Debug|x64.Build.0 = Debug|x64
		{C2B53661-6D1F-4C1D-9F8D-909737CA2142}.Debug|x86.ActiveCfg = Debug|Win32
		{C2B53661-6D1F-4C1D-9F8D-909737CA2142}.Debug|x86.Build.0 = Debug|Win32
		{C2B53661-6D1F-4C1D-9F8D-909737CA2142}.Release|Any CPU.ActiveCfg = Release|Win32
		{C2B53661-6D1F-4C1D-9F8D-909737CA2142}.Release|x64.ActiveCfg = Release|x64
		{C2B53661-6D1F-4C1D-9F8D-909737CA2142}.Release|x64.Build.0 = Release|x64
		{C2B53661-6D1F-4C1D-9F8D-909737CA2142}.Release|x86.ActiveCfg = Release|Win32
		{C2B53661-6D1F-4C1D-9F8D-909737CA2142}.Release|x86.Build.0 = Release|Win32
		{21993835-4EC5-4CC3-BCDA-47F6209CD349}.Debug|Any CPU.ActiveCfg = Debug|Win32
		{21993835-4EC5-4CC3-BCDA-47F6209CD349}.Debug|x64.ActiveCfg = Debug|x64
		{21993835-4EC5-4CC3-BCDA-47F6209CD349}.Debug|x64.Build.0 = Debug|x64
		{21993835-4EC5-4CC3-BCDA-47F6209CD349}.Debug|x86.ActiveCfg = Debug|Win32
		{21993835-4EC5-4CC3-BCDA-47F6209CD349}.Debug|x86.Build.0 = Debug|Win32
		{21993835-4EC5-4CC3-BCDA-47F6209CD349}.Release|Any CPU.ActiveCfg = Release|Win32
		{21993835-4EC5-4CC3-BCDA-47F6209CD349}.Release|x64.ActiveCfg = Release|x64
		{21993835-4EC5-4CC3-BCDA-47F6209CD349}.Release|x64.Build.0 = Release|x64
		{21993835-4EC5-4CC3-BCDA-47F6209CD349}.Release|x86.ActiveCfg = Release|Win32
		{21993835-4EC5-4CC3-BCDA-47F6209CD349}.Release|x86.Build.0 = Release|Win32
		{8DD1E553-E5C3-4874-859A-A3A79B29527A}.Debug|Any CPU.ActiveCfg = Debug|Win32
		{8DD1E553-E5C3-4874-859A-A3A79B29527A}.Debug|x64.ActiveCfg = Debug|x64
		{8DD1E553-E5C3-4874-859A-A3A79B29527A}.Debug|x64.Build.0 = Debug|x64
		{8DD1E553-E5C3-4874-859A-A3A79B29527A}.Debug|x86.ActiveCfg = Debug|Win32
		{8DD1E553-E5C3-4874-859A-A3A79B29527A}.Debug|x86.Build.0 = Debug|Win32
		{8DD1E553-E5C3-4874-859A-A3A79B29527A}.Release|Any CPU.ActiveCfg = Release|Win32
		{8DD1E553-E5C3-4874-859A-A3A79B29527A}.Release|x64.ActiveCfg = Release|x64
		{8DD1E553-E5C3-4874-859A-A3A79B29527A}.Release|x64.Build.0 = Release|x64
		{8DD1E553-E5C3-4874-859A-A3A79B29527A}.Release|x86.ActiveCfg = Release|Win32
		{8DD1E553-E5C3-4874-859A-A3A79B29527A}.Release|x86.Build.0 = Release|Win32
		{9A74A6D1-9ED7-432F-A415-9C82305053B4}.Debug|Any CPU.ActiveCfg = Debug|Win32
		{9A74A6D1-9ED7-432F-A415-9C82305053B4}.Debug|x64.ActiveCfg = Debug|x64
		{9A74A6D1-9ED7-432F-A415-9C82305053B4}.Debug|x64.Build.0 = Debug|x64
		{9A74A6D1-9ED7-432F-A415-9C82305053B4}.Debug|x86.ActiveCfg = Debug|Win32
		{9A74A6D1-9ED7-432F-A415-9C82305053B4}.Debug|x86.Build.0 = Debug|Win32
		{9A74A6D1-9ED7-432F-A415-9C82305053B4}.Release|Any CPU.ActiveCfg = Release|Win32
		{9A74A6D1-9ED7-432F-A415-9C82305053B4}.Release|x64.ActiveCfg = Release|x64
		{9A74A6D1-9ED7-432F-A415-9C82305053B4}.Release|x64.Build.0 = Release|x64
		{9A74A6D1-9ED7-432F-A415-9C82305053B4}.Release|x86.ActiveCfg = Release|Win32
		{9A74A6D1-9ED7-432F-A415-9C82305053B4}.Release|x86.Build.0 = Release|Win32
	EndGlobalSection
	GlobalSection(SolutionProperties) = preSolution
		HideSolutionNode = FALSE
	EndGlobalSection
	GlobalSection(ExtensibilityGlobals) = postSolution
		SolutionGuid = {1457344A-CB6C-41D4-8F5E-F6686A140B5A}
	EndGlobalSection
EndGlobal
