<?xml version="1.0" encoding="utf-8"?>
<Project ToolsVersion="4.0" xmlns="http://schemas.microsoft.com/developer/msbuild/2003">
  <ItemGroup>
    <ClInclude Include="include\Topology.h" />
    <ClInclude Include="include\Attribute.h" />
    <ClInclude Include="include\Vertex.h" />
    <ClInclude Include="include\Cell.h" />
    <ClInclude Include="include\CellComplex.h" />
    <ClInclude Include="include\Cluster.h" />
    <ClInclude Include="include\Edge.h" />
    <ClInclude Include="include\Face.h" />
    <ClInclude Include="include\Shell.h" />
    <ClInclude Include="include\Wire.h" />
    <ClInclude Include="include\Aperture.h" />
    <ClInclude Include="include\Context.h" />
    <ClInclude Include="include\TopologicalQuery.h" />
    <ClInclude Include="include\DualGraph.h" />
    <ClInclude Include="include\TopologyFactoryDictionary.h" />
    <ClInclude Include="include\TopologyFactory.h">
      <Filter>ContentFactory</Filter>
    </ClInclude>
    <ClInclude Include="include\ApertureFactory.h">
      <Filter>ContentFactory</Filter>
    </ClInclude>
    <ClInclude Include="include\FaceFactory.h">
      <Filter>ContentFactory</Filter>
    </ClInclude>
    <ClInclude Include="include\VertexFactory.h">
      <Filter>ContentFactory</Filter>
    </ClInclude>
    <ClInclude Include="include\CellComplexFactory.h">
      <Filter>ContentFactory</Filter>
    </ClInclude>
  </ItemGroup>
  <ItemGroup>
    <ClCompile Include="src\Topology.cpp" />
    <ClCompile Include="src\Attribute.cpp" />
    <ClCompile Include="src\Vertex.cpp" />
    <ClCompile Include="src\Cell.cpp" />
    <ClCompile Include="src\CellComplex.cpp" />
    <ClCompile Include="src\Cluster.cpp" />
    <ClCompile Include="src\Edge.cpp" />
    <ClCompile Include="src\Face.cpp" />
    <ClCompile Include="src\Shell.cpp" />
    <ClCompile Include="src\Wire.cpp" />
    <ClCompile Include="src\Context.cpp" />
    <ClCompile Include="src\Aperture.cpp" />
    <ClCompile Include="include\DualGraph.cpp" />
    <ClCompile Include="src\TopologyFactoryDictionary.cpp" />
    <ClCompile Include="src\ApertureFactory.cpp">
      <Filter>ContentFactory</Filter>
    </ClCompile>
    <ClCompile Include="src\FaceFactory.cpp">
      <Filter>ContentFactory</Filter>
    </ClCompile>
    <ClCompile Include="src\VertexFactory.cpp">
      <Filter>ContentFactory</Filter>
    </ClCompile>
    <ClCompile Include="src\CellComplexFactory.cpp">
      <Filter>ContentFactory</Filter>
    </ClCompile>
  </ItemGroup>
  <ItemGroup>
    <Filter Include="ContentFactory">
      <UniqueIdentifier>{5d92c990-396d-4e24-87e4-05cd296ee6b4}</UniqueIdentifier>
    </Filter>
  </ItemGroup>
</Project>