<?xml version="1.0" encoding="utf-8"?>
<Project ToolsVersion="4.0" xmlns="http://schemas.microsoft.com/developer/msbuild/2003">
  <ItemGroup>
    <ClInclude Include="include\Topology.h" />
    <ClInclude Include="include\Vertex.h" />
    <ClInclude Include="include\Cell.h" />
    <ClInclude Include="include\CellComplex.h" />
    <ClInclude Include="include\Cluster.h" />
    <ClInclude Include="include\Edge.h" />
    <ClInclude Include="include\Face.h" />
    <ClInclude Include="include\Shell.h" />
    <ClInclude Include="include\Wire.h" />
    <ClInclude Include="include\Aperture.h" />
    <ClInclude Include="include\Context.h" />
    <ClInclude Include="include\TopologicalQuery.h" />
    <ClInclude Include="include\TopologyFactory.h">
      <Filter>Factory</Filter>
    </ClInclude>
    <ClInclude Include="include\ApertureFactory.h">
      <Filter>Factory</Filter>
    </ClInclude>
    <ClInclude Include="include\FaceFactory.h">
      <Filter>Factory</Filter>
    </ClInclude>
    <ClInclude Include="include\VertexFactory.h">
      <Filter>Factory</Filter>
    </ClInclude>
    <ClInclude Include="include\CellComplexFactory.h">
      <Filter>Factory</Filter>
    </ClInclude>
    <ClInclude Include="include\TopologyFactoryManager.h">
      <Filter>Factory</Filter>
    </ClInclude>
    <ClInclude Include="include\ShellFactory.h">
      <Filter>Factory</Filter>
    </ClInclude>
    <ClInclude Include="include\WireFactory.h">
      <Filter>Factory</Filter>
    </ClInclude>
    <ClInclude Include="include\CellFactory.h">
      <Filter>Factory</Filter>
    </ClInclude>
    <ClInclude Include="include\ClusterFactory.h">
      <Filter>Factory</Filter>
    </ClInclude>
    <ClInclude Include="include\EdgeFactory.h">
      <Filter>Factory</Filter>
    </ClInclude>
    <ClInclude Include="include\AttributeFactory.h">
      <Filter>Attribute</Filter>
    </ClInclude>
    <ClInclude Include="include\Attribute.h">
      <Filter>Attribute</Filter>
    </ClInclude>
    <ClInclude Include="include\IntAttributeFactory.h">
      <Filter>Attribute</Filter>
    </ClInclude>
    <ClInclude Include="include\DoubleAttributeFactory.h">
      <Filter>Attribute</Filter>
    </ClInclude>
    <ClInclude Include="include\StringAttributeFactory.h">
      <Filter>Attribute</Filter>
    </ClInclude>
    <ClInclude Include="include\Graph.h">
      <Filter>Extensions</Filter>
    </ClInclude>
    <ClInclude Include="include\GraphFactory.h">
      <Filter>Factory</Filter>
    </ClInclude>
    <ClInclude Include="include\GlobalCluster.h" />
    <ClInclude Include="include\CellUtility.h">
      <Filter>Utilities</Filter>
    </ClInclude>
    <ClInclude Include="include\EdgeUtility.h">
      <Filter>Utilities</Filter>
    </ClInclude>
    <ClInclude Include="include\FaceUtility.h">
      <Filter>Utilities</Filter>
    </ClInclude>
    <ClInclude Include="include\ShellUtility.h">
      <Filter>Utilities</Filter>
    </ClInclude>
    <ClInclude Include="include\TopologyUtility.h">
      <Filter>Utilities</Filter>
    </ClInclude>
    <ClInclude Include="include\Bitwise.h">
      <Filter>Utilities</Filter>
    </ClInclude>
    <ClInclude Include="include\LicenseManager.h" />
    <ClInclude Include="include\About.h" />
    <ClInclude Include="include\AttributeFactoryManager.h">
      <Filter>Attribute</Filter>
    </ClInclude>
  </ItemGroup>
  <ItemGroup>
    <ClCompile Include="src\Topology.cpp" />
    <ClCompile Include="src\Vertex.cpp" />
    <ClCompile Include="src\Cell.cpp" />
    <ClCompile Include="src\CellComplex.cpp" />
    <ClCompile Include="src\Cluster.cpp" />
    <ClCompile Include="src\Edge.cpp" />
    <ClCompile Include="src\Face.cpp" />
    <ClCompile Include="src\Shell.cpp" />
    <ClCompile Include="src\Wire.cpp" />
    <ClCompile Include="src\Context.cpp" />
    <ClCompile Include="src\Aperture.cpp" />
    <ClCompile Include="src\ApertureFactory.cpp">
      <Filter>Factory</Filter>
    </ClCompile>
    <ClCompile Include="src\FaceFactory.cpp">
      <Filter>Factory</Filter>
    </ClCompile>
    <ClCompile Include="src\VertexFactory.cpp">
      <Filter>Factory</Filter>
    </ClCompile>
    <ClCompile Include="src\CellComplexFactory.cpp">
      <Filter>Factory</Filter>
    </ClCompile>
    <ClCompile Include="src\TopologyFactoryManager.cpp">
      <Filter>Factory</Filter>
    </ClCompile>
    <ClCompile Include="src\CellFactory.cpp">
      <Filter>Factory</Filter>
    </ClCompile>
    <ClCompile Include="src\ClusterFactory.cpp">
      <Filter>Factory</Filter>
    </ClCompile>
    <ClCompile Include="src\EdgeFactory.cpp">
      <Filter>Factory</Filter>
    </ClCompile>
    <ClCompile Include="src\ShellFactory.cpp">
      <Filter>Factory</Filter>
    </ClCompile>
    <ClCompile Include="src\WireFactory.cpp">
      <Filter>Factory</Filter>
    </ClCompile>
    <ClCompile Include="src\IntAttributeFactory.cpp">
      <Filter>Attribute</Filter>
    </ClCompile>
    <ClCompile Include="src\DoubleAttributeFactory.cpp">
      <Filter>Attribute</Filter>
    </ClCompile>
    <ClCompile Include="src\StringAttributeFactory.cpp">
      <Filter>Attribute</Filter>
    </ClCompile>
    <ClCompile Include="src\Attribute.cpp">
      <Filter>Attribute</Filter>
    </ClCompile>
    <ClCompile Include="src\Graph.cpp">
      <Filter>Extensions</Filter>
    </ClCompile>
    <ClCompile Include="src\GraphFactory.cpp">
      <Filter>Factory</Filter>
    </ClCompile>
    <ClCompile Include="src\GlobalCluster.cpp" />
    <ClCompile Include="src\CellUtility.cpp">
      <Filter>Utilities</Filter>
    </ClCompile>
    <ClCompile Include="src\EdgeUtility.cpp">
      <Filter>Utilities</Filter>
    </ClCompile>
    <ClCompile Include="src\FaceUtility.cpp">
      <Filter>Utilities</Filter>
    </ClCompile>
    <ClCompile Include="src\ShellUtility.cpp">
      <Filter>Utilities</Filter>
    </ClCompile>
    <ClCompile Include="src\TopologyUtility.cpp">
      <Filter>Utilities</Filter>
    </ClCompile>
    <ClCompile Include="src\Bitwise.cpp">
      <Filter>Utilities</Filter>
    </ClCompile>
    <ClCompile Include="src\About.cpp" />
    <ClCompile Include="src\AttributeFactoryManager.cpp">
      <Filter>Attribute</Filter>
    </ClCompile>
  </ItemGroup>
  <ItemGroup>
    <Filter Include="Factory">
      <UniqueIdentifier>{5d92c990-396d-4e24-87e4-05cd296ee6b4}</UniqueIdentifier>
    </Filter>
    <Filter Include="Attribute">
      <UniqueIdentifier>{4f812172-1f64-49db-8ec6-262b0c996221}</UniqueIdentifier>
    </Filter>
    <Filter Include="Utilities">
      <UniqueIdentifier>{90d86c48-21c1-4fc3-986c-6246b22e9a3b}</UniqueIdentifier>
    </Filter>
    <Filter Include="Extensions">
      <UniqueIdentifier>{d4638fb2-7e2b-466a-9ed8-76be45cf42c3}</UniqueIdentifier>
    </Filter>
    <Filter Include="Resources">
      <UniqueIdentifier>{ad2d32d9-7483-4053-93fb-a398384ec0a5}</UniqueIdentifier>
    </Filter>
  </ItemGroup>
  <ItemGroup>
    <Xml Include="config\Topologic_DynamoCustomization.xml" />
  </ItemGroup>
  <ItemGroup>
    <EmbeddedResource Include="resources\Topologic.resx" />
  </ItemGroup>
  <ItemGroup>
    <Image Include="resources\Topologic-logo-large.png" />
    <Image Include="resources\Topologic.Large.png">
      <Filter>Resources</Filter>
    </Image>
    <Image Include="resources\Topologic.Small.png">
      <Filter>Resources</Filter>
    </Image>
  </ItemGroup>
</Project>