<?xml version="1.0" encoding="utf-8"?>
<Project ToolsVersion="4.0" xmlns="http://schemas.microsoft.com/developer/msbuild/2003">
  <ItemGroup>
    <Filter Include="Utilities">
      <UniqueIdentifier>{90d86c48-21c1-4fc3-986c-6246b22e9a3b}</UniqueIdentifier>
    </Filter>
    <Filter Include="Extensions">
      <UniqueIdentifier>{d4638fb2-7e2b-466a-9ed8-76be45cf42c3}</UniqueIdentifier>
    </Filter>
    <Filter Include="Resources">
      <UniqueIdentifier>{ad2d32d9-7483-4053-93fb-a398384ec0a5}</UniqueIdentifier>
    </Filter>
    <Filter Include="Attributes">
      <UniqueIdentifier>{4f812172-1f64-49db-8ec6-262b0c996221}</UniqueIdentifier>
    </Filter>
    <Filter Include="Factories">
      <UniqueIdentifier>{5d92c990-396d-4e24-87e4-05cd296ee6b4}</UniqueIdentifier>
    </Filter>
  </ItemGroup>
  <ItemGroup>
    <Image Include="resources\Topologic.Large.png">
      <Filter>Resources</Filter>
    </Image>
    <Image Include="resources\Topologic.Small.png">
      <Filter>Resources</Filter>
    </Image>
  </ItemGroup>
  <ItemGroup>
    <ClInclude Include="..\TopologicNET\include\About.h" />
    <ClInclude Include="..\TopologicNET\include\Aperture.h" />
    <ClInclude Include="..\TopologicNET\include\ApertureFactory.h" />
    <ClInclude Include="..\TopologicNET\include\Cell.h" />
    <ClInclude Include="..\TopologicNET\include\CellComplex.h" />
    <ClInclude Include="..\TopologicNET\include\Cluster.h" />
    <ClInclude Include="..\TopologicNET\include\Context.h" />
    <ClInclude Include="..\TopologicNET\include\Edge.h" />
    <ClInclude Include="..\TopologicNET\include\Face.h" />
    <ClInclude Include="..\TopologicNET\include\GlobalCluster.h" />
    <ClInclude Include="..\TopologicNET\include\LicenseManager.h" />
    <ClInclude Include="..\TopologicNET\include\Shell.h" />
    <ClInclude Include="..\TopologicNET\include\TopologicalQuery.h" />
    <ClInclude Include="..\TopologicNET\include\Topology.h" />
    <ClInclude Include="..\TopologicNET\include\Vertex.h" />
    <ClInclude Include="..\TopologicNET\include\Wire.h" />
    <ClInclude Include="..\TopologicNET\include\Bitwise.h">
      <Filter>Utilities</Filter>
    </ClInclude>
    <ClInclude Include="..\TopologicNET\include\CellUtility.h">
      <Filter>Utilities</Filter>
    </ClInclude>
    <ClInclude Include="..\TopologicNET\include\EdgeUtility.h">
      <Filter>Utilities</Filter>
    </ClInclude>
    <ClInclude Include="..\TopologicNET\include\FaceUtility.h">
      <Filter>Utilities</Filter>
    </ClInclude>
    <ClInclude Include="..\TopologicNET\include\ShellUtility.h">
      <Filter>Utilities</Filter>
    </ClInclude>
    <ClInclude Include="..\TopologicNET\include\TopologyUtility.h">
      <Filter>Utilities</Filter>
    </ClInclude>
    <ClInclude Include="..\TopologicNET\include\Attribute.h">
      <Filter>Attributes</Filter>
    </ClInclude>
    <ClInclude Include="..\TopologicNET\include\AttributeFactory.h">
      <Filter>Attributes</Filter>
    </ClInclude>
    <ClInclude Include="..\TopologicNET\include\AttributeFactoryManager.h">
      <Filter>Attributes</Filter>
    </ClInclude>
    <ClInclude Include="..\TopologicNET\include\DoubleAttributeFactory.h">
      <Filter>Attributes</Filter>
    </ClInclude>
    <ClInclude Include="..\TopologicNET\include\IntAttributeFactory.h">
      <Filter>Attributes</Filter>
    </ClInclude>
    <ClInclude Include="..\TopologicNET\include\StringAttributeFactory.h">
      <Filter>Attributes</Filter>
    </ClInclude>
    <ClInclude Include="..\TopologicNET\include\DualGraph.h">
      <Filter>Extensions</Filter>
    </ClInclude>
    <ClInclude Include="..\TopologicNET\include\CellComplexFactory.h">
      <Filter>Factories</Filter>
    </ClInclude>
    <ClInclude Include="..\TopologicNET\include\CellFactory.h">
      <Filter>Factories</Filter>
    </ClInclude>
    <ClInclude Include="..\TopologicNET\include\ClusterFactory.h">
      <Filter>Factories</Filter>
    </ClInclude>
    <ClInclude Include="..\TopologicNET\include\DualGraphFactory.h">
      <Filter>Factories</Filter>
    </ClInclude>
    <ClInclude Include="..\TopologicNET\include\EdgeFactory.h">
      <Filter>Factories</Filter>
    </ClInclude>
    <ClInclude Include="..\TopologicNET\include\FaceFactory.h">
      <Filter>Factories</Filter>
    </ClInclude>
    <ClInclude Include="..\TopologicNET\include\ShellFactory.h">
      <Filter>Factories</Filter>
    </ClInclude>
    <ClInclude Include="..\TopologicNET\include\TopologyFactory.h">
      <Filter>Factories</Filter>
    </ClInclude>
    <ClInclude Include="..\TopologicNET\include\TopologyFactoryManager.h">
      <Filter>Factories</Filter>
    </ClInclude>
    <ClInclude Include="..\TopologicNET\include\VertexFactory.h">
      <Filter>Factories</Filter>
    </ClInclude>
    <ClInclude Include="..\TopologicNET\include\WireFactory.h">
      <Filter>Factories</Filter>
    </ClInclude>
  </ItemGroup>
  <ItemGroup>
    <ClCompile Include="..\TopologicNET\src\About.cpp" />
    <ClCompile Include="..\TopologicNET\src\Aperture.cpp" />
    <ClCompile Include="..\TopologicNET\src\ApertureFactory.cpp" />
    <ClCompile Include="..\TopologicNET\src\Cell.cpp" />
    <ClCompile Include="..\TopologicNET\src\CellComplex.cpp" />
    <ClCompile Include="..\TopologicNET\src\Cluster.cpp" />
    <ClCompile Include="..\TopologicNET\src\Context.cpp" />
    <ClCompile Include="..\TopologicNET\src\Edge.cpp" />
    <ClCompile Include="..\TopologicNET\src\Face.cpp" />
    <ClCompile Include="..\TopologicNET\src\GlobalCluster.cpp" />
    <ClCompile Include="..\TopologicNET\src\Shell.cpp" />
    <ClCompile Include="..\TopologicNET\src\Topology.cpp" />
    <ClCompile Include="..\TopologicNET\src\Vertex.cpp" />
    <ClCompile Include="..\TopologicNET\src\Wire.cpp" />
    <ClCompile Include="..\TopologicNET\src\Bitwise.cpp">
      <Filter>Utilities</Filter>
    </ClCompile>
    <ClCompile Include="..\TopologicNET\src\CellUtility.cpp">
      <Filter>Utilities</Filter>
    </ClCompile>
    <ClCompile Include="..\TopologicNET\src\EdgeUtility.cpp">
      <Filter>Utilities</Filter>
    </ClCompile>
    <ClCompile Include="..\TopologicNET\src\FaceUtility.cpp">
      <Filter>Utilities</Filter>
    </ClCompile>
    <ClCompile Include="..\TopologicNET\src\ShellUtility.cpp">
      <Filter>Utilities</Filter>
    </ClCompile>
    <ClCompile Include="..\TopologicNET\src\TopologyUtility.cpp">
      <Filter>Utilities</Filter>
    </ClCompile>
    <ClCompile Include="..\TopologicNET\src\Attribute.cpp">
      <Filter>Attributes</Filter>
    </ClCompile>
    <ClCompile Include="..\TopologicNET\src\AttributeFactoryManager.cpp">
      <Filter>Attributes</Filter>
    </ClCompile>
    <ClCompile Include="..\TopologicNET\src\DoubleAttributeFactory.cpp">
      <Filter>Attributes</Filter>
    </ClCompile>
    <ClCompile Include="..\TopologicNET\src\IntAttributeFactory.cpp">
      <Filter>Attributes</Filter>
    </ClCompile>
    <ClCompile Include="..\TopologicNET\src\StringAttributeFactory.cpp">
      <Filter>Attributes</Filter>
    </ClCompile>
    <ClCompile Include="..\TopologicNET\src\DualGraph.cpp">
      <Filter>Extensions</Filter>
    </ClCompile>
    <ClCompile Include="..\TopologicNET\src\CellComplexFactory.cpp">
      <Filter>Factories</Filter>
    </ClCompile>
    <ClCompile Include="..\TopologicNET\src\CellFactory.cpp">
      <Filter>Factories</Filter>
    </ClCompile>
    <ClCompile Include="..\TopologicNET\src\ClusterFactory.cpp">
      <Filter>Factories</Filter>
    </ClCompile>
    <ClCompile Include="..\TopologicNET\src\DualGraphFactory.cpp">
      <Filter>Factories</Filter>
    </ClCompile>
    <ClCompile Include="..\TopologicNET\src\EdgeFactory.cpp">
      <Filter>Factories</Filter>
    </ClCompile>
    <ClCompile Include="..\TopologicNET\src\FaceFactory.cpp">
      <Filter>Factories</Filter>
    </ClCompile>
    <ClCompile Include="..\TopologicNET\src\ShellFactory.cpp">
      <Filter>Factories</Filter>
    </ClCompile>
    <ClCompile Include="..\TopologicNET\src\TopologyFactoryManager.cpp">
      <Filter>Factories</Filter>
    </ClCompile>
    <ClCompile Include="..\TopologicNET\src\VertexFactory.cpp">
      <Filter>Factories</Filter>
    </ClCompile>
    <ClCompile Include="..\TopologicNET\src\WireFactory.cpp">
      <Filter>Factories</Filter>
    </ClCompile>
  </ItemGroup>
</Project>