<?xml version="1.0" encoding="utf-8"?>
<Project ToolsVersion="4.0" xmlns="http://schemas.microsoft.com/developer/msbuild/2003">
  <ItemGroup>
    <Xml Include="config\TopologicEnergy_DynamoCustomization.xml" />
  </ItemGroup>
  <ItemGroup>
    <ClInclude Include="include\EnergyModel.h" />
    <ClInclude Include="include\Simulation.h" />
  </ItemGroup>
  <ItemGroup>
    <ClCompile Include="src\EnergyModel.cpp" />
    <ClCompile Include="src\Simulation.cpp" />
  </ItemGroup>
</Project>