<?xml version="1.0" encoding="utf-8"?>
<Project ToolsVersion="4.0" xmlns="http://schemas.microsoft.com/developer/msbuild/2003">
  <ItemGroup>
    <Xml Include="config\TopologicEnergy_DynamoCustomization.xml" />
  </ItemGroup>
  <ItemGroup>
    <ClInclude Include="include\EnergyModel.h" />
    <ClInclude Include="include\Simulation.h" />
  </ItemGroup>
  <ItemGroup>
    <ClCompile Include="src\EnergyModel.cpp" />
    <ClCompile Include="src\Simulation.cpp" />
  </ItemGroup>
  <ItemGroup>
    <EmbeddedResource Include="resources\TopologicEnergy.resx" />
  </ItemGroup>
  <ItemGroup>
    <Filter Include="Resources">
      <UniqueIdentifier>{b7ce0487-7ec1-4c69-949d-d885d916e416}</UniqueIdentifier>
    </Filter>
  </ItemGroup>
  <ItemGroup>
    <Image Include="resources\Topologic.Small.png">
      <Filter>Resources</Filter>
    </Image>
    <Image Include="resources\Topologic.Large.png">
      <Filter>Resources</Filter>
    </Image>
  </ItemGroup>
</Project>