<?xml version="1.0" encoding="utf-8"?>
<Project ToolsVersion="4.0" xmlns="http://schemas.microsoft.com/developer/msbuild/2003">
  <ItemGroup>
    <ClInclude Include="include\VertexByCoordinates.h" />
    <ClInclude Include="include\Vertex.h" />
    <ClInclude Include="include\VertexParameter.h" />
    <ClInclude Include="include\Topology.h" />
    <ClInclude Include="include\TopologyParameter.h" />
    <ClInclude Include="include\Wire.h" />
    <ClInclude Include="include\WireParameter.h" />
    <ClInclude Include="include\Aperture.h" />
    <ClInclude Include="include\ApertureParameter.h" />
    <ClInclude Include="include\Cell.h" />
    <ClInclude Include="include\CellComplex.h" />
    <ClInclude Include="include\CellComplexParameter.h" />
    <ClInclude Include="include\CellParameter.h" />
    <ClInclude Include="include\Cluster.h" />
    <ClInclude Include="include\ClusterParameter.h" />
    <ClInclude Include="include\Context.h" />
    <ClInclude Include="include\ContextParameter.h" />
    <ClInclude Include="include\Edge.h" />
    <ClInclude Include="include\EdgeParameter.h" />
    <ClInclude Include="include\Face.h" />
    <ClInclude Include="include\FaceParameter.h" />
    <ClInclude Include="include\Graph.h" />
    <ClInclude Include="include\GraphParameter.h" />
    <ClInclude Include="include\Shell.h" />
    <ClInclude Include="include\ShellParameter.h" />
  </ItemGroup>
  <ItemGroup>
    <ClCompile Include="src\VertexByCoordinates.cpp" />
    <ClCompile Include="src\Vertex.cpp" />
    <ClCompile Include="src\VertexParameter.cpp" />
    <ClCompile Include="src\Graph.cpp" />
    <ClCompile Include="src\Shell.cpp" />
    <ClCompile Include="src\Topology.cpp" />
    <ClCompile Include="src\Wire.cpp" />
    <ClCompile Include="src\Aperture.cpp" />
    <ClCompile Include="src\Cell.cpp" />
    <ClCompile Include="src\CellComplex.cpp" />
    <ClCompile Include="src\Cluster.cpp" />
    <ClCompile Include="src\Context.cpp" />
    <ClCompile Include="src\Edge.cpp" />
    <ClCompile Include="src\Face.cpp" />
  </ItemGroup>
</Project>