<?xml version="1.0" encoding="utf-8"?>
<Project ToolsVersion="4.0" xmlns="http://schemas.microsoft.com/developer/msbuild/2003">
  <ItemGroup>
    <ClInclude Include="include\Topology.h" />
    <ClInclude Include="include\Attribute.h" />
    <ClInclude Include="include\Vertex.h" />
    <ClInclude Include="include\Edge.h" />
    <ClInclude Include="include\Cell.h" />
    <ClInclude Include="include\CellComplex.h" />
    <ClInclude Include="include\Cluster.h" />
    <ClInclude Include="include\Face.h" />
    <ClInclude Include="include\Shell.h" />
    <ClInclude Include="include\Wire.h" />
    <ClInclude Include="include\Utilities.h" />
    <ClInclude Include="include\GlobalCluster.h" />
    <ClInclude Include="include\TopologicalQuery.h" />
    <ClInclude Include="include\Context.h" />
    <ClInclude Include="include\Aperture.h" />
    <ClInclude Include="include\AperturePath.h" />
    <ClInclude Include="include\LabelManager.h" />
    <ClInclude Include="include\OcctRelationshipAttribute.h">
      <Filter>Label</Filter>
    </ClInclude>
    <ClInclude Include="include\OcctCounterAttribute.h">
      <Filter>Label</Filter>
    </ClInclude>
    <ClInclude Include="include\OcctContentsAttribute.h">
      <Filter>Label</Filter>
    </ClInclude>
    <ClInclude Include="include\OcctContextListAttribute.h">
      <Filter>Label</Filter>
    </ClInclude>
    <ClInclude Include="include\OcctContextAttribute.h">
      <Filter>Label</Filter>
    </ClInclude>
  </ItemGroup>
  <ItemGroup>
    <ClCompile Include="src\Topology.cpp" />
    <ClCompile Include="src\Vertex.cpp" />
    <ClCompile Include="src\Edge.cpp" />
    <ClCompile Include="src\Cell.cpp" />
    <ClCompile Include="src\CellComplex.cpp" />
    <ClCompile Include="src\Cluster.cpp" />
    <ClCompile Include="src\Face.cpp" />
    <ClCompile Include="src\Shell.cpp" />
    <ClCompile Include="src\Wire.cpp" />
    <ClCompile Include="src\GlobalCluster.cpp" />
    <ClCompile Include="src\Context.cpp" />
    <ClCompile Include="src\Aperture.cpp" />
    <ClCompile Include="src\AperturePath.cpp" />
    <ClCompile Include="src\LabelManager.cpp" />
    <ClCompile Include="src\OcctRelationshipAttribute.cpp">
      <Filter>Label</Filter>
    </ClCompile>
    <ClCompile Include="src\OcctCounterAttribute.cpp">
      <Filter>Label</Filter>
    </ClCompile>
    <ClCompile Include="src\OcctContentsAttribute.cpp">
      <Filter>Label</Filter>
    </ClCompile>
    <ClCompile Include="src\OcctContextListAttribute.cpp">
      <Filter>Label</Filter>
    </ClCompile>
    <ClCompile Include="src\OcctContextAttribute.cpp">
      <Filter>Label</Filter>
    </ClCompile>
  </ItemGroup>
  <ItemGroup>
    <Filter Include="Label">
      <UniqueIdentifier>{76ff7ee9-5ca0-4b9f-a6a4-b56b3c0991ef}</UniqueIdentifier>
    </Filter>
  </ItemGroup>
</Project>