<?xml version="1.0" encoding="utf-8"?>
<Project ToolsVersion="4.0" xmlns="http://schemas.microsoft.com/developer/msbuild/2003">
  <ItemGroup>
    <ClInclude Include="include\Topology.h" />
    <ClInclude Include="include\Attribute.h" />
    <ClInclude Include="include\Vertex.h" />
    <ClInclude Include="include\Edge.h" />
    <ClInclude Include="include\Cell.h" />
    <ClInclude Include="include\CellComplex.h" />
    <ClInclude Include="include\Cluster.h" />
    <ClInclude Include="include\Face.h" />
    <ClInclude Include="include\Shell.h" />
    <ClInclude Include="include\Wire.h" />
    <ClInclude Include="include\Utilities.h" />
    <ClInclude Include="include\TopologicalQuery.h" />
    <ClInclude Include="include\Context.h" />
    <ClInclude Include="include\Aperture.h" />
    <ClInclude Include="include\AperturePath.h" />
    <ClInclude Include="include\DualGraph.h" />
    <ClInclude Include="include\ContentManager.h" />
    <ClInclude Include="include\InstanceGUIDManager.h" />
  </ItemGroup>
  <ItemGroup>
    <ClCompile Include="src\Topology.cpp" />
    <ClCompile Include="src\Vertex.cpp" />
    <ClCompile Include="src\Edge.cpp" />
    <ClCompile Include="src\Cell.cpp" />
    <ClCompile Include="src\CellComplex.cpp" />
    <ClCompile Include="src\Cluster.cpp" />
    <ClCompile Include="src\Face.cpp" />
    <ClCompile Include="src\Shell.cpp" />
    <ClCompile Include="src\Wire.cpp" />
    <ClCompile Include="src\Context.cpp" />
    <ClCompile Include="src\Aperture.cpp" />
    <ClCompile Include="src\AperturePath.cpp" />
    <ClCompile Include="src\DualGraph.cpp" />
    <ClCompile Include="src\ContentManager.cpp" />
    <ClCompile Include="src\InstanceGUIDManager.cpp" />
  </ItemGroup>
</Project>